
Microsoft Visual Studio Solution File, Format Version 12.00
# Visual Studio Version 16
VisualStudioVersion = 16.0.29519.87
MinimumVisualStudioVersion = 10.0.40219.1
Project("{FAE04EC0-301F-11D3-BF4B-00C04F79EFBC}") = "Kolos zad3", "Kolos zad3\Kolos zad3.csproj", "{559ECD53-96FE-4722-A180-40AE39BBD70E}"
EndProject
Global
	GlobalSection(SolutionConfigurationPlatforms) = preSolution
		Debug|Any CPU = Debug|Any CPU
		Release|Any CPU = Release|Any CPU
	EndGlobalSection
	GlobalSection(ProjectConfigurationPlatforms) = postSolution
		{559ECD53-96FE-4722-A180-40AE39BBD70E}.Debug|Any CPU.ActiveCfg = Debug|Any CPU
		{559ECD53-96FE-4722-A180-40AE39BBD70E}.Debug|Any CPU.Build.0 = Debug|Any CPU
		{559ECD53-96FE-4722-A180-40AE39BBD70E}.Release|Any CPU.ActiveCfg = Release|Any CPU
		{559ECD53-96FE-4722-A180-40AE39BBD70E}.Release|Any CPU.Build.0 = Release|Any CPU
	EndGlobalSection
	GlobalSection(SolutionProperties) = preSolution
		HideSolutionNode = FALSE
	EndGlobalSection
	GlobalSection(ExtensibilityGlobals) = postSolution
		SolutionGuid = {323A406C-026B-4A63-A7F3-1FB51AEC311E}
	EndGlobalSection
EndGlobal
